
Microsoft Visual Studio Solution File, Format Version 12.00
Project("{FAE04EC0-301F-11D3-BF4B-00C04F79EFBC}") = "TestsRunner", "TestsRunner\TestsRunner.csproj", "{A7247897-E528-4240-B269-96830318A952}"
EndProject
Project("{FAE04EC0-301F-11D3-BF4B-00C04F79EFBC}") = "TestsTreeParser", "TestsTreeParser\TestsTreeParser.csproj", "{0F2143DC-AA5B-41F3-9709-C7CBD57826FC}"
EndProject
Global
	GlobalSection(SolutionConfigurationPlatforms) = preSolution
		Debug|Any CPU = Debug|Any CPU
		Release|Any CPU = Release|Any CPU
	EndGlobalSection
	GlobalSection(ProjectConfigurationPlatforms) = postSolution
		{A7247897-E528-4240-B269-96830318A952}.Debug|Any CPU.ActiveCfg = Debug|Any CPU
		{A7247897-E528-4240-B269-96830318A952}.Debug|Any CPU.Build.0 = Debug|Any CPU
		{A7247897-E528-4240-B269-96830318A952}.Release|Any CPU.ActiveCfg = Release|Any CPU
		{A7247897-E528-4240-B269-96830318A952}.Release|Any CPU.Build.0 = Release|Any CPU
		{0F2143DC-AA5B-41F3-9709-C7CBD57826FC}.Debug|Any CPU.ActiveCfg = Debug|Any CPU
		{0F2143DC-AA5B-41F3-9709-C7CBD57826FC}.Debug|Any CPU.Build.0 = Debug|Any CPU
		{0F2143DC-AA5B-41F3-9709-C7CBD57826FC}.Release|Any CPU.ActiveCfg = Release|Any CPU
		{0F2143DC-AA5B-41F3-9709-C7CBD57826FC}.Release|Any CPU.Build.0 = Release|Any CPU
	EndGlobalSection
EndGlobal
